
Microsoft Visual Studio Solution File, Format Version 12.00
# Visual Studio 15
VisualStudioVersion = 15.0.27004.2005
MinimumVisualStudioVersion = 10.0.40219.1
Project("{FAE04EC0-301F-11D3-BF4B-00C04F79EFBC}") = "AuditAutomation.Svc", "AuditAutomation.Svc\AuditAutomation.Svc.csproj", "{CA2B860E-7439-4D2D-9378-841E03F1B81C}"
EndProject
Project("{FAE04EC0-301F-11D3-BF4B-00C04F79EFBC}") = "AuditAutomation.DAL", "AuditAutomation.DAL\AuditAutomation.DAL.csproj", "{70A55ED3-16FC-44A8-8F38-F4A21D727028}"
EndProject
Project("{FAE04EC0-301F-11D3-BF4B-00C04F79EFBC}") = "AuditAutomation.Models", "Models\AuditAutomation.Models.csproj", "{A4DEA924-950E-49C7-B685-A165E935C49F}"
EndProject
Project("{FAE04EC0-301F-11D3-BF4B-00C04F79EFBC}") = "AuditAutomation.GenJson", "AuditAutomation.GenJson\AuditAutomation.GenJson.csproj", "{5DEA00BB-7DCC-4BAF-9917-E8EBF2FD60C7}"
EndProject
Global
	GlobalSection(SolutionConfigurationPlatforms) = preSolution
		Debug|Any CPU = Debug|Any CPU
		Release|Any CPU = Release|Any CPU
	EndGlobalSection
	GlobalSection(ProjectConfigurationPlatforms) = postSolution
		{CA2B860E-7439-4D2D-9378-841E03F1B81C}.Debug|Any CPU.ActiveCfg = Debug|Any CPU
		{CA2B860E-7439-4D2D-9378-841E03F1B81C}.Debug|Any CPU.Build.0 = Debug|Any CPU
		{CA2B860E-7439-4D2D-9378-841E03F1B81C}.Release|Any CPU.ActiveCfg = Release|Any CPU
		{CA2B860E-7439-4D2D-9378-841E03F1B81C}.Release|Any CPU.Build.0 = Release|Any CPU
		{70A55ED3-16FC-44A8-8F38-F4A21D727028}.Debug|Any CPU.ActiveCfg = Debug|Any CPU
		{70A55ED3-16FC-44A8-8F38-F4A21D727028}.Debug|Any CPU.Build.0 = Debug|Any CPU
		{70A55ED3-16FC-44A8-8F38-F4A21D727028}.Release|Any CPU.ActiveCfg = Release|Any CPU
		{70A55ED3-16FC-44A8-8F38-F4A21D727028}.Release|Any CPU.Build.0 = Release|Any CPU
		{A4DEA924-950E-49C7-B685-A165E935C49F}.Debug|Any CPU.ActiveCfg = Debug|Any CPU
		{A4DEA924-950E-49C7-B685-A165E935C49F}.Debug|Any CPU.Build.0 = Debug|Any CPU
		{A4DEA924-950E-49C7-B685-A165E935C49F}.Release|Any CPU.ActiveCfg = Release|Any CPU
		{A4DEA924-950E-49C7-B685-A165E935C49F}.Release|Any CPU.Build.0 = Release|Any CPU
		{5DEA00BB-7DCC-4BAF-9917-E8EBF2FD60C7}.Debug|Any CPU.ActiveCfg = Debug|Any CPU
		{5DEA00BB-7DCC-4BAF-9917-E8EBF2FD60C7}.Debug|Any CPU.Build.0 = Debug|Any CPU
		{5DEA00BB-7DCC-4BAF-9917-E8EBF2FD60C7}.Release|Any CPU.ActiveCfg = Release|Any CPU
		{5DEA00BB-7DCC-4BAF-9917-E8EBF2FD60C7}.Release|Any CPU.Build.0 = Release|Any CPU
	EndGlobalSection
	GlobalSection(SolutionProperties) = preSolution
		HideSolutionNode = FALSE
	EndGlobalSection
	GlobalSection(ExtensibilityGlobals) = postSolution
		SolutionGuid = {B848D853-05E6-412D-A465-257F6406ADAE}
	EndGlobalSection
EndGlobal
